schema: '2.0'
stages:
  data_ingestion:
    cmd: python src/ingestion/load_data.py
    deps:
    - path: params.yaml
      hash: md5
      md5: ce42a68ae40525632e1f372f14f2046a
      size: 2265
    - path: src/ingestion/load_data.py
      hash: md5
      md5: 2d401f592265472b815c6ad08d77416a
      size: 1712
    params:
      params.yaml:
        data_ingestion:
          s3_url: 
            s3://nrel-pds-windai/wind_plant_power/floris/v1.0.0/wind_plant_data.h5
          local_path: data/raw/wind_plant_data.h5
          retries: 3
          timeout: 30
    outs:
    - path: data/raw/wind_plant_data.h5
      hash: md5
      md5: e8195c161ecdb47f2114451e75b2c16e
      size: 4791736756
  validate_raw:
    cmd: python src/data/validate/validate_raw.py
    deps:
    - path: data/raw/wind_plant_data.h5
      hash: md5
      md5: e8195c161ecdb47f2114451e75b2c16e
      size: 4791736756
    - path: params.yaml
      hash: md5
      md5: ce42a68ae40525632e1f372f14f2046a
      size: 2265
    - path: src/data/validate/validate_raw.py
      hash: md5
      md5: b86d49addf6eaf7b24ffa17349b32600
      size: 19764
    params:
      params.yaml:
        raw_validation:
          sample_size: 10
          chunk_size: 10000
          file:
            must_exist: true
            min_size_mb: 1000
          layout:
            name_pattern: ^Layout
            min_layouts: 1
          required_datasets:
          - Wind Speed
          - Wind Direction
          - Turbulence Intensity
          - Turbine Power
          - Turbine Wind Speed
          - Yaw Angles
          dtypes:
            Wind Speed: float32
            Wind Direction: float32
            Turbulence Intensity: float32
            Turbine Power: float32
            Turbine Wind Speed: float32
            Yaw Angles: float32
          dimensions:
            scenario_axis: 0
            require_non_empty: true
          constraints:
            Wind Speed:
              min: 0
              max: 50
              allow_nan: false
              allow_inf: false
            Wind Direction:
              min: 0
              max: 360
              allow_nan: false
              allow_inf: false
            Turbulence Intensity:
              min: 0
              max: 1.0
              allow_nan: false
              allow_inf: false
            Turbine Power:
              min: 0
              allow_nan: false
              allow_inf: false
            Turbine Wind Speed:
              min: 0
              max: 50
              allow_nan: false
              allow_inf: false
            Yaw Angles:
              min: -180
              max: 180
              allow_nan: false
              allow_inf: false
    outs:
    - path: metrics/raw_validation.json
      hash: md5
      md5: 12e214ef1b2fde383a50ef790c9a6fa9
      size: 698
  extract_scenario_dataset:
    cmd: python -m src.data.extract.extract_to_parquet
    deps:
    - path: configs/schema_lock.yaml
      hash: md5
      md5: 1946d51ff79b6508524841058feaaa87
      size: 1075
    - path: data/raw/wind_plant_data.h5
      hash: md5
      md5: e8195c161ecdb47f2114451e75b2c16e
      size: 4791736756
    - path: params.yaml
      hash: md5
      md5: ce42a68ae40525632e1f372f14f2046a
      size: 2265
    - path: src/core/config_manager.py
      hash: md5
      md5: 3d5a254b0ab4f64dd1a408e2ff95114b
      size: 4099
    - path: src/data/extract/
      hash: md5
      md5: 2d554774a4121c026239e2e4011fdc90.dir
      size: 22471
      nfiles: 6
    params:
      params.yaml:
        extraction:
          input_path: data/raw/wind_plant_data.h5
          output_path: data/interim/scenario_dataset_v1
          schema_path: configs/schema_lock.yaml
          development_mode: true
          max_layouts: 10
          partition_by:
          - layout_id
          layouts_per_iteration: 10
          rows_per_batch: 50000
          parquet:
            compression: snappy
            row_group_size: 10000
            write_statistics: true
          overwrite_existing: false
          deterministic_order: true
          logging:
            log_file: logs/extraction.log
            progress_interval: 5000
    outs:
    - path: data/interim/scenario_dataset_v1
      hash: md5
      md5: b91855a51dd513c50894d7e0ca1d6a12.dir
      size: 171220
      nfiles: 10
  validate_processed:
    cmd: python -m src.data.validate.validate_processed
    deps:
    - path: data/interim/scenario_dataset_v1
      hash: md5
      md5: b91855a51dd513c50894d7e0ca1d6a12.dir
      size: 171220
      nfiles: 10
    - path: src/data/validate/validate_processed.py
      hash: md5
      md5: 8f4029b588d024220d750bd74931f839
      size: 4644
    outs:
    - path: metrics/processed_validation.json
      hash: md5
      md5: 1ee26b708fcb70e3850b5eed1a5d401c
      size: 181
  dataset_split:
    cmd: python src/dataset/split_dataset.py
    deps:
    - path: data/interim/scenario_dataset_v1
      hash: md5
      md5: b91855a51dd513c50894d7e0ca1d6a12.dir
      size: 171220
      nfiles: 10
    - path: src/dataset/split_dataset.py
      hash: md5
      md5: 712acd3bc3deec3a5ce70deca507ebb8
      size: 1866
    outs:
    - path: data/interim/splits/test
      hash: md5
      md5: 06369240db0739f4e0255bd385ca28ec.dir
      size: 34239
      nfiles: 2
    - path: data/interim/splits/train
      hash: md5
      md5: a7a3a4598f9c13cf18f03ccf0b3499ea.dir
      size: 119922
      nfiles: 7
    - path: data/interim/splits/validation
      hash: md5
      md5: 7ef98fd862d017edf38dc8e77d8607a9.dir
      size: 17059
      nfiles: 1
  feature_extraction:
    cmd: python src/features/build_features.py
    deps:
    - path: configs/feature_spec.yaml
      hash: md5
      md5: f32d1ae9c599dbba9b0db2e857db6cab
      size: 292
    - path: data/interim/splits
      hash: md5
      md5: 31d1704b0ae17ee716b541f9ab28efe1.dir
      size: 171220
      nfiles: 10
    - path: src/features/build_features.py
      hash: md5
      md5: 18136cd043475608f9d965b30e3b9866
      size: 4717
    outs:
    - path: data/features
      hash: md5
      md5: 74eecf3e8f0bdf98bce67d2ef4496c08.dir
      size: 451404
      nfiles: 10
  feature_validation:
    cmd: python src/validation/validate_features.py
    deps:
    - path: configs/feature_spec.yaml
      hash: md5
      md5: f32d1ae9c599dbba9b0db2e857db6cab
      size: 292
    - path: data/features
      hash: md5
      md5: 74eecf3e8f0bdf98bce67d2ef4496c08.dir
      size: 451404
      nfiles: 10
    - path: src/validation/validate_features.py
      hash: md5
      md5: bfa2b471f657244bb1e841916f7cc371
      size: 20664
    outs:
    - path: data/validated_features
      hash: md5
      md5: b408e6c1a4bb12e7f2b43bb7ef8b6be3.dir
      size: 446944
      nfiles: 10
  build_dataset:
    cmd: python src/dataset_builder/build_dataset.py
    deps:
    - path: configs/feature_spec.yaml
      hash: md5
      md5: f32d1ae9c599dbba9b0db2e857db6cab
      size: 292
    - path: data/validated_features
      hash: md5
      md5: b408e6c1a4bb12e7f2b43bb7ef8b6be3.dir
      size: 446944
      nfiles: 10
    - path: src/dataset_builder/build_dataset.py
      hash: md5
      md5: c46b3c68e2bf4035f1e0d9d4128c9b02
      size: 14107
    outs:
    - path: data/processed/test/X
      hash: md5
      md5: 945e714195f243f5186c188ac14f3b0c.dir
      size: 49824
      nfiles: 2
    - path: data/processed/test/y
      hash: md5
      md5: 03c2f06827a17e35bf940cbf695520f4.dir
      size: 6002
      nfiles: 2
    - path: data/processed/train/X
      hash: md5
      md5: 7eb51f16c770e00ce254bbc0b8935cf6.dir
      size: 174365
      nfiles: 7
    - path: data/processed/train/y
      hash: md5
      md5: ab21ba2e9a92dbc8c051a19914313395.dir
      size: 21023
      nfiles: 7
    - path: data/processed/validation/X
      hash: md5
      md5: 15a4dd25636ec77cd27e5f84fba3408f.dir
      size: 24908
      nfiles: 1
    - path: data/processed/validation/y
      hash: md5
      md5: e5f71b42c748389d90e9e15d4a7b86cc.dir
      size: 2939
      nfiles: 1
    - path: metrics/dataset_builder_summary.json
      hash: md5
      md5: 103580156a3b897e288ba3cddcb0428e
      size: 1278
  model_training:
    cmd: python src/training/train_model.py
    deps:
    - path: configs/feature_spec.yaml
      hash: md5
      md5: f32d1ae9c599dbba9b0db2e857db6cab
      size: 292
    - path: data/processed
      hash: md5
      md5: 7b5c3a65bb20b6194f755721ac33f9e4.dir
      size: 279061
      nfiles: 20
    - path: params.yaml
      hash: md5
      md5: ce42a68ae40525632e1f372f14f2046a
      size: 2265
    - path: src/training/train_model.py
      hash: md5
      md5: 7416918a5943b1e977be5cf95b3d7290
      size: 18330
    outs:
    - path: metrics/training_metrics_latest.json
      hash: md5
      md5: 0c521ed6fe5a5449bdfc8231f242300d
      size: 671
    - path: models
      hash: md5
      md5: c5f82ba0e2b9ca4450e6990edb9a786b.dir
      size: 271692
      nfiles: 3
